
Microsoft Visual Studio Solution File, Format Version 12.00
# Visual Studio Version 17
VisualStudioVersion = 17.0.32126.317
MinimumVisualStudioVersion = 10.0.40219.1
Project("{FAE04EC0-301F-11D3-BF4B-00C04F79EFBC}") = "CareTend APIs sample", "CareTend APIs\CareTend APIs sample.csproj", "{A1251437-D5AC-4AF5-B420-6EF616E9088E}"
EndProject
Global
	GlobalSection(SolutionConfigurationPlatforms) = preSolution
		Debug|Any CPU = Debug|Any CPU
		Release|Any CPU = Release|Any CPU
	EndGlobalSection
	GlobalSection(ProjectConfigurationPlatforms) = postSolution
		{A1251437-D5AC-4AF5-B420-6EF616E9088E}.Debug|Any CPU.ActiveCfg = Debug|Any CPU
		{A1251437-D5AC-4AF5-B420-6EF616E9088E}.Debug|Any CPU.Build.0 = Debug|Any CPU
		{A1251437-D5AC-4AF5-B420-6EF616E9088E}.Release|Any CPU.ActiveCfg = Release|Any CPU
		{A1251437-D5AC-4AF5-B420-6EF616E9088E}.Release|Any CPU.Build.0 = Release|Any CPU
	EndGlobalSection
	GlobalSection(SolutionProperties) = preSolution
		HideSolutionNode = FALSE
	EndGlobalSection
	GlobalSection(ExtensibilityGlobals) = postSolution
		SolutionGuid = {B858C833-A97B-41E9-896F-2EBEA5AC0641}
	EndGlobalSection
EndGlobal
